
Microsoft Visual Studio Solution File, Format Version 12.00
# Visual Studio 2012
Project("{FAE04EC0-301F-11D3-BF4B-00C04F79EFBC}") = "Org.Brixen.Bean", "src\bean\Org.Brixen.Bean.csproj", "{C8D1B60B-D62D-4CBA-8B2F-63323829408A}"
EndProject
Project("{FAE04EC0-301F-11D3-BF4B-00C04F79EFBC}") = "Org.Brixen.PageObject", "src\pageobject\Org.Brixen.PageObject.csproj", "{B2F7A0E7-AF7B-48A9-AE7F-28B947661E8F}"
EndProject
Project("{FAE04EC0-301F-11D3-BF4B-00C04F79EFBC}") = "Org.Brixen.Bean.Tests", "test\bean\Org.Brixen.Bean.Tests.csproj", "{2CABB9BA-7612-4FFA-8421-316AAEF777C9}"
EndProject
Global
	GlobalSection(SolutionConfigurationPlatforms) = preSolution
		Debug|Any CPU = Debug|Any CPU
		Release|Any CPU = Release|Any CPU
	EndGlobalSection
	GlobalSection(ProjectConfigurationPlatforms) = postSolution
		{2CABB9BA-7612-4FFA-8421-316AAEF777C9}.Debug|Any CPU.ActiveCfg = Debug|Any CPU
		{2CABB9BA-7612-4FFA-8421-316AAEF777C9}.Debug|Any CPU.Build.0 = Debug|Any CPU
		{2CABB9BA-7612-4FFA-8421-316AAEF777C9}.Release|Any CPU.ActiveCfg = Release|Any CPU
		{2CABB9BA-7612-4FFA-8421-316AAEF777C9}.Release|Any CPU.Build.0 = Release|Any CPU
		{B2F7A0E7-AF7B-48A9-AE7F-28B947661E8F}.Debug|Any CPU.ActiveCfg = Debug|Any CPU
		{B2F7A0E7-AF7B-48A9-AE7F-28B947661E8F}.Debug|Any CPU.Build.0 = Debug|Any CPU
		{B2F7A0E7-AF7B-48A9-AE7F-28B947661E8F}.Release|Any CPU.ActiveCfg = Release|Any CPU
		{B2F7A0E7-AF7B-48A9-AE7F-28B947661E8F}.Release|Any CPU.Build.0 = Release|Any CPU
		{C8D1B60B-D62D-4CBA-8B2F-63323829408A}.Debug|Any CPU.ActiveCfg = Debug|Any CPU
		{C8D1B60B-D62D-4CBA-8B2F-63323829408A}.Debug|Any CPU.Build.0 = Debug|Any CPU
		{C8D1B60B-D62D-4CBA-8B2F-63323829408A}.Release|Any CPU.ActiveCfg = Release|Any CPU
		{C8D1B60B-D62D-4CBA-8B2F-63323829408A}.Release|Any CPU.Build.0 = Release|Any CPU
	EndGlobalSection
EndGlobal
